
Microsoft Visual Studio Solution File, Format Version 12.00
# Visual Studio Version 17
VisualStudioVersion = 17.0.31903.59
MinimumVisualStudioVersion = 10.0.40219.1
Project("{FAE04EC0-301F-11D3-BF4B-00C04F79EFBC}") = "DeviceTimerApp", "DeviceTimerApp\DeviceTimerApp.csproj", "{1D7E7312-7774-4350-9DD7-72FF5E83DC09}"
EndProject
Project("{FAE04EC0-301F-11D3-BF4B-00C04F79EFBC}") = "WebSocketConnector", "WebSocketConnector\WebSocketConnector.csproj", "{2AF913CF-5871-4CF9-A3DC-3A11E39BA220}"
EndProject
Project("{FAE04EC0-301F-11D3-BF4B-00C04F79EFBC}") = "IOController", "IOController\IOController.csproj", "{D8CDD601-AB7E-40F8-A765-B06E8CC59C68}"
EndProject
Project("{FAE04EC0-301F-11D3-BF4B-00C04F79EFBC}") = "Sensors", "Sensors\Sensors.csproj", "{B3DB4E61-619C-482D-83A3-83C7D684095D}"
EndProject
Project("{FAE04EC0-301F-11D3-BF4B-00C04F79EFBC}") = "CountdownDisplay", "CountdownDisplay\CountdownDisplay.csproj", "{17AB512D-BA8E-4858-A52B-E058011B25BE}"
EndProject
Project("{FAE04EC0-301F-11D3-BF4B-00C04F79EFBC}") = "Tm1637Ported", "Tm1637Ported\Tm1637Ported.csproj", "{51A956ED-018D-454A-9F04-0ACF1482A5FE}"
EndProject
Global
	GlobalSection(SolutionConfigurationPlatforms) = preSolution
		Debug|Any CPU = Debug|Any CPU
		Release|Any CPU = Release|Any CPU
	EndGlobalSection
	GlobalSection(SolutionProperties) = preSolution
		HideSolutionNode = FALSE
	EndGlobalSection
	GlobalSection(ProjectConfigurationPlatforms) = postSolution
		{1D7E7312-7774-4350-9DD7-72FF5E83DC09}.Debug|Any CPU.ActiveCfg = Debug|Any CPU
		{1D7E7312-7774-4350-9DD7-72FF5E83DC09}.Debug|Any CPU.Build.0 = Debug|Any CPU
		{1D7E7312-7774-4350-9DD7-72FF5E83DC09}.Release|Any CPU.ActiveCfg = Release|Any CPU
		{1D7E7312-7774-4350-9DD7-72FF5E83DC09}.Release|Any CPU.Build.0 = Release|Any CPU
		{2AF913CF-5871-4CF9-A3DC-3A11E39BA220}.Debug|Any CPU.ActiveCfg = Debug|Any CPU
		{2AF913CF-5871-4CF9-A3DC-3A11E39BA220}.Debug|Any CPU.Build.0 = Debug|Any CPU
		{2AF913CF-5871-4CF9-A3DC-3A11E39BA220}.Release|Any CPU.ActiveCfg = Release|Any CPU
		{2AF913CF-5871-4CF9-A3DC-3A11E39BA220}.Release|Any CPU.Build.0 = Release|Any CPU
		{68268826-8648-4C4D-99A2-E0371BC001BB}.Debug|Any CPU.ActiveCfg = Debug|Any CPU
		{68268826-8648-4C4D-99A2-E0371BC001BB}.Debug|Any CPU.Build.0 = Debug|Any CPU
		{68268826-8648-4C4D-99A2-E0371BC001BB}.Release|Any CPU.ActiveCfg = Release|Any CPU
		{68268826-8648-4C4D-99A2-E0371BC001BB}.Release|Any CPU.Build.0 = Release|Any CPU
		{D8CDD601-AB7E-40F8-A765-B06E8CC59C68}.Debug|Any CPU.ActiveCfg = Debug|Any CPU
		{D8CDD601-AB7E-40F8-A765-B06E8CC59C68}.Debug|Any CPU.Build.0 = Debug|Any CPU
		{D8CDD601-AB7E-40F8-A765-B06E8CC59C68}.Release|Any CPU.ActiveCfg = Release|Any CPU
		{D8CDD601-AB7E-40F8-A765-B06E8CC59C68}.Release|Any CPU.Build.0 = Release|Any CPU
		{B3DB4E61-619C-482D-83A3-83C7D684095D}.Debug|Any CPU.ActiveCfg = Debug|Any CPU
		{B3DB4E61-619C-482D-83A3-83C7D684095D}.Debug|Any CPU.Build.0 = Debug|Any CPU
		{B3DB4E61-619C-482D-83A3-83C7D684095D}.Release|Any CPU.ActiveCfg = Release|Any CPU
		{B3DB4E61-619C-482D-83A3-83C7D684095D}.Release|Any CPU.Build.0 = Release|Any CPU
		{17AB512D-BA8E-4858-A52B-E058011B25BE}.Debug|Any CPU.ActiveCfg = Debug|Any CPU
		{17AB512D-BA8E-4858-A52B-E058011B25BE}.Debug|Any CPU.Build.0 = Debug|Any CPU
		{17AB512D-BA8E-4858-A52B-E058011B25BE}.Release|Any CPU.ActiveCfg = Release|Any CPU
		{17AB512D-BA8E-4858-A52B-E058011B25BE}.Release|Any CPU.Build.0 = Release|Any CPU
		{51A956ED-018D-454A-9F04-0ACF1482A5FE}.Debug|Any CPU.ActiveCfg = Debug|Any CPU
		{51A956ED-018D-454A-9F04-0ACF1482A5FE}.Debug|Any CPU.Build.0 = Debug|Any CPU
		{51A956ED-018D-454A-9F04-0ACF1482A5FE}.Release|Any CPU.ActiveCfg = Release|Any CPU
		{51A956ED-018D-454A-9F04-0ACF1482A5FE}.Release|Any CPU.Build.0 = Release|Any CPU
	EndGlobalSection
EndGlobal
